
Microsoft Visual Studio Solution File, Format Version 12.00
# Visual Studio Version 17
VisualStudioVersion = 17.9.34616.47
MinimumVisualStudioVersion = 10.0.40219.1
Project("{9A19103F-16F7-4668-BE54-9A1E7A4F7556}") = "CLVD_POE", "ClassTests\CLVD_POE.csproj", "{D4BF51A9-97A2-4B1E-890C-39476191698F}"
EndProject
Global
	GlobalSection(SolutionConfigurationPlatforms) = preSolution
		Debug|Any CPU = Debug|Any CPU
		Release|Any CPU = Release|Any CPU
	EndGlobalSection
	GlobalSection(ProjectConfigurationPlatforms) = postSolution
		{D4BF51A9-97A2-4B1E-890C-39476191698F}.Debug|Any CPU.ActiveCfg = Debug|Any CPU
		{D4BF51A9-97A2-4B1E-890C-39476191698F}.Debug|Any CPU.Build.0 = Debug|Any CPU
		{D4BF51A9-97A2-4B1E-890C-39476191698F}.Release|Any CPU.ActiveCfg = Release|Any CPU
		{D4BF51A9-97A2-4B1E-890C-39476191698F}.Release|Any CPU.Build.0 = Release|Any CPU
	EndGlobalSection
	GlobalSection(SolutionProperties) = preSolution
		HideSolutionNode = FALSE
	EndGlobalSection
	GlobalSection(ExtensibilityGlobals) = postSolution
		SolutionGuid = {64BC3E6E-6DF1-42AB-B941-9DB8BB89A94B}
	EndGlobalSection
EndGlobal
